{
  "name": "initial-npm",
  "version": "1.0.0",
  "lockfileVersion": 3,
  "requires": true,
  "packages": {
    "": {
      "name": "initial-npm",
      "version": "1.0.0",
      "license": "MIT",
      "dependencies": {
        "marvel-dc-name-generator": "^1.1.0",
        "silly-animal": "^1.1.1"
      }
    },
    "node_modules/marvel-dc-name-generator": {
      "version": "1.1.0",
      "resolved": "https://registry.npmjs.org/marvel-dc-name-generator/-/marvel-dc-name-generator-1.1.0.tgz",
      "integrity": "sha512-wdE8biFXxJ6/RMaQU5fGm6N7s246p2sIwBoiERzwpVvCa2hR6XuqV/s5uO2Jhct8Zz0uwy+n2QovXE3WK/gMJQ==",
      "license": "MIT"
    },
    "node_modules/silly-animal": {
      "version": "1.1.1",
      "resolved": "https://registry.npmjs.org/silly-animal/-/silly-animal-1.1.1.tgz",
      "integrity": "sha512-H7Euh6eUIFMS4+DcwXdSsxMkwmkuLIB+qCTHY3/qRsTYkNW85iY36/iPAy1EGpOhcITvfH+sF1K1R/01u+pbfA=="
    }
  }
}
